
Microsoft Visual Studio Solution File, Format Version 12.00
# Visual Studio 2013
VisualStudioVersion = 12.0.21005.1
MinimumVisualStudioVersion = 10.0.40219.1
Project("{8BC9CEB8-8B4A-11D0-8D11-00A0C91BC942}") = "函数指针数组 实现加减乘除", "函数指针数组 实现加减乘除\函数指针数组 实现加减乘除.vcxproj", "{8274CB2F-C0DF-4C13-A597-D5B1A7367E46}"
EndProject
Global
	GlobalSection(SolutionConfigurationPlatforms) = preSolution
		Debug|Win32 = Debug|Win32
		Release|Win32 = Release|Win32
	EndGlobalSection
	GlobalSection(ProjectConfigurationPlatforms) = postSolution
		{8274CB2F-C0DF-4C13-A597-D5B1A7367E46}.Debug|Win32.ActiveCfg = Debug|Win32
		{8274CB2F-C0DF-4C13-A597-D5B1A7367E46}.Debug|Win32.Build.0 = Debug|Win32
		{8274CB2F-C0DF-4C13-A597-D5B1A7367E46}.Release|Win32.ActiveCfg = Release|Win32
		{8274CB2F-C0DF-4C13-A597-D5B1A7367E46}.Release|Win32.Build.0 = Release|Win32
	EndGlobalSection
	GlobalSection(SolutionProperties) = preSolution
		HideSolutionNode = FALSE
	EndGlobalSection
EndGlobal
