
Microsoft Visual Studio Solution File, Format Version 12.00
# Visual Studio 2013
VisualStudioVersion = 12.0.21005.1
MinimumVisualStudioVersion = 10.0.40219.1
Project("{8BC9CEB8-8B4A-11D0-8D11-00A0C91BC942}") = "竞选社长", "竞选社长\竞选社长.vcxproj", "{B434FB4C-B558-4382-B483-5C0843B30634}"
EndProject
Global
	GlobalSection(SolutionConfigurationPlatforms) = preSolution
		Debug|Win32 = Debug|Win32
		Release|Win32 = Release|Win32
	EndGlobalSection
	GlobalSection(ProjectConfigurationPlatforms) = postSolution
		{B434FB4C-B558-4382-B483-5C0843B30634}.Debug|Win32.ActiveCfg = Debug|Win32
		{B434FB4C-B558-4382-B483-5C0843B30634}.Debug|Win32.Build.0 = Debug|Win32
		{B434FB4C-B558-4382-B483-5C0843B30634}.Release|Win32.ActiveCfg = Release|Win32
		{B434FB4C-B558-4382-B483-5C0843B30634}.Release|Win32.Build.0 = Release|Win32
	EndGlobalSection
	GlobalSection(SolutionProperties) = preSolution
		HideSolutionNode = FALSE
	EndGlobalSection
EndGlobal
