
Microsoft Visual Studio Solution File, Format Version 12.00
# Visual Studio 2013
VisualStudioVersion = 12.0.21005.1
MinimumVisualStudioVersion = 10.0.40219.1
Project("{8BC9CEB8-8B4A-11D0-8D11-00A0C91BC942}") = "p66", "p66\p66.vcxproj", "{B690189F-4B68-4F42-B2B9-4C40E9D1A348}"
EndProject
Global
	GlobalSection(SolutionConfigurationPlatforms) = preSolution
		Debug|Win32 = Debug|Win32
		Release|Win32 = Release|Win32
	EndGlobalSection
	GlobalSection(ProjectConfigurationPlatforms) = postSolution
		{B690189F-4B68-4F42-B2B9-4C40E9D1A348}.Debug|Win32.ActiveCfg = Debug|Win32
		{B690189F-4B68-4F42-B2B9-4C40E9D1A348}.Debug|Win32.Build.0 = Debug|Win32
		{B690189F-4B68-4F42-B2B9-4C40E9D1A348}.Release|Win32.ActiveCfg = Release|Win32
		{B690189F-4B68-4F42-B2B9-4C40E9D1A348}.Release|Win32.Build.0 = Release|Win32
	EndGlobalSection
	GlobalSection(SolutionProperties) = preSolution
		HideSolutionNode = FALSE
	EndGlobalSection
EndGlobal
