
Microsoft Visual Studio Solution File, Format Version 12.00
# Visual Studio 2013
VisualStudioVersion = 12.0.21005.1
MinimumVisualStudioVersion = 10.0.40219.1
Project("{8BC9CEB8-8B4A-11D0-8D11-00A0C91BC942}") = "让程序停下来的方法-用system函数", "让程序停下来的方法-用system函数\让程序停下来的方法-用system函数.vcxproj", "{D2384DD5-51F4-4B6A-8723-88C770FFF359}"
EndProject
Global
	GlobalSection(SolutionConfigurationPlatforms) = preSolution
		Debug|Win32 = Debug|Win32
		Release|Win32 = Release|Win32
	EndGlobalSection
	GlobalSection(ProjectConfigurationPlatforms) = postSolution
		{D2384DD5-51F4-4B6A-8723-88C770FFF359}.Debug|Win32.ActiveCfg = Debug|Win32
		{D2384DD5-51F4-4B6A-8723-88C770FFF359}.Debug|Win32.Build.0 = Debug|Win32
		{D2384DD5-51F4-4B6A-8723-88C770FFF359}.Release|Win32.ActiveCfg = Release|Win32
		{D2384DD5-51F4-4B6A-8723-88C770FFF359}.Release|Win32.Build.0 = Release|Win32
	EndGlobalSection
	GlobalSection(SolutionProperties) = preSolution
		HideSolutionNode = FALSE
	EndGlobalSection
EndGlobal
